
Microsoft Visual Studio Solution File, Format Version 12.00
# Visual Studio Version 16
VisualStudioVersion = 16.0.30204.135
MinimumVisualStudioVersion = 10.0.40219.1
Project("{FAE04EC0-301F-11D3-BF4B-00C04F79EFBC}") = "SalesWebMvc", "SalesWebMvc\SalesWebMvc.csproj", "{88D899A7-F2C1-45E6-B8CF-386BCEB8AA9C}"
EndProject
Global
	GlobalSection(SolutionConfigurationPlatforms) = preSolution
		Debug|Any CPU = Debug|Any CPU
		Release|Any CPU = Release|Any CPU
	EndGlobalSection
	GlobalSection(ProjectConfigurationPlatforms) = postSolution
		{88D899A7-F2C1-45E6-B8CF-386BCEB8AA9C}.Debug|Any CPU.ActiveCfg = Debug|Any CPU
		{88D899A7-F2C1-45E6-B8CF-386BCEB8AA9C}.Debug|Any CPU.Build.0 = Debug|Any CPU
		{88D899A7-F2C1-45E6-B8CF-386BCEB8AA9C}.Release|Any CPU.ActiveCfg = Release|Any CPU
		{88D899A7-F2C1-45E6-B8CF-386BCEB8AA9C}.Release|Any CPU.Build.0 = Release|Any CPU
	EndGlobalSection
	GlobalSection(SolutionProperties) = preSolution
		HideSolutionNode = FALSE
	EndGlobalSection
	GlobalSection(ExtensibilityGlobals) = postSolution
		SolutionGuid = {D9A502EF-FAAB-40DE-AA08-C713029AC7C6}
	EndGlobalSection
EndGlobal
